
Microsoft Visual Studio Solution File, Format Version 12.00
Project("{FAE04EC0-301F-11D3-BF4B-00C04F79EFBC}") = "AdapterTask", "AdapterTask\AdapterTask.csproj", "{4D1C78EA-347E-4440-AF55-EA213FFC8395}"
EndProject
Project("{FAE04EC0-301F-11D3-BF4B-00C04F79EFBC}") = "Decorator", "Decorator\Decorator.csproj", "{CBFAC0E6-A4C5-4D83-91BC-C34E1359C4A7}"
EndProject
Global
	GlobalSection(SolutionConfigurationPlatforms) = preSolution
		Debug|Any CPU = Debug|Any CPU
		Release|Any CPU = Release|Any CPU
	EndGlobalSection
	GlobalSection(ProjectConfigurationPlatforms) = postSolution
		{4D1C78EA-347E-4440-AF55-EA213FFC8395}.Debug|Any CPU.ActiveCfg = Debug|Any CPU
		{4D1C78EA-347E-4440-AF55-EA213FFC8395}.Debug|Any CPU.Build.0 = Debug|Any CPU
		{4D1C78EA-347E-4440-AF55-EA213FFC8395}.Release|Any CPU.ActiveCfg = Release|Any CPU
		{4D1C78EA-347E-4440-AF55-EA213FFC8395}.Release|Any CPU.Build.0 = Release|Any CPU
		{CBFAC0E6-A4C5-4D83-91BC-C34E1359C4A7}.Debug|Any CPU.ActiveCfg = Debug|Any CPU
		{CBFAC0E6-A4C5-4D83-91BC-C34E1359C4A7}.Debug|Any CPU.Build.0 = Debug|Any CPU
		{CBFAC0E6-A4C5-4D83-91BC-C34E1359C4A7}.Release|Any CPU.ActiveCfg = Release|Any CPU
		{CBFAC0E6-A4C5-4D83-91BC-C34E1359C4A7}.Release|Any CPU.Build.0 = Release|Any CPU
	EndGlobalSection
EndGlobal
